// !$*UTF8*$!
{
	archiveVersion = 1;
	classes = {
	};
	objectVersion = 50;
	objects = {

/* Begin PBXBuildFile section */
		9004CBB121ED16150090A83B /* AppDelegate.swift in Sources */ = {isa = PBXBuildFile; fileRef = 9004CBB021ED16150090A83B /* AppDelegate.swift */; };
		9004CBB321ED16150090A83B /* PhotoJournalViewController.swift in Sources */ = {isa = PBXBuildFile; fileRef = 9004CBB221ED16150090A83B /* PhotoJournalViewController.swift */; };
		9004CBB621ED16150090A83B /* Main.storyboard in Resources */ = {isa = PBXBuildFile; fileRef = 9004CBB421ED16150090A83B /* Main.storyboard */; };
		9004CBB821ED16160090A83B /* Assets.xcassets in Resources */ = {isa = PBXBuildFile; fileRef = 9004CBB721ED16160090A83B /* Assets.xcassets */; };
		9004CBBB21ED16160090A83B /* LaunchScreen.storyboard in Resources */ = {isa = PBXBuildFile; fileRef = 9004CBB921ED16160090A83B /* LaunchScreen.storyboard */; };
		9004CBC321ED1DB20090A83B /* PhotoDetailViewController.swift in Sources */ = {isa = PBXBuildFile; fileRef = 9004CBC221ED1DB20090A83B /* PhotoDetailViewController.swift */; };
		9004CBCB21ED3BB20090A83B /* PhotoJournalModel.swift in Sources */ = {isa = PBXBuildFile; fileRef = 9004CBCA21ED3BB20090A83B /* PhotoJournalModel.swift */; };
		9004CBCD21ED3BC20090A83B /* PhotoJournal.swift in Sources */ = {isa = PBXBuildFile; fileRef = 9004CBCC21ED3BC20090A83B /* PhotoJournal.swift */; };
		9004CBCF21ED3BDA0090A83B /* DataPersistenceManager.swift in Sources */ = {isa = PBXBuildFile; fileRef = 9004CBCE21ED3BDA0090A83B /* DataPersistenceManager.swift */; };
		9004CBD121ED5DBD0090A83B /* PhotoCell.swift in Sources */ = {isa = PBXBuildFile; fileRef = 9004CBD021ED5DBD0090A83B /* PhotoCell.swift */; };
/* End PBXBuildFile section */

/* Begin PBXFileReference section */
		9004CBAD21ED16150090A83B /* PhotoJournal.app */ = {isa = PBXFileReference; explicitFileType = wrapper.application; includeInIndex = 0; path = PhotoJournal.app; sourceTree = BUILT_PRODUCTS_DIR; };
		9004CBB021ED16150090A83B /* AppDelegate.swift */ = {isa = PBXFileReference; lastKnownFileType = sourcecode.swift; path = AppDelegate.swift; sourceTree = "<group>"; };
		9004CBB221ED16150090A83B /* PhotoJournalViewController.swift */ = {isa = PBXFileReference; lastKnownFileType = sourcecode.swift; path = PhotoJournalViewController.swift; sourceTree = "<group>"; };
		9004CBB521ED16150090A83B /* Base */ = {isa = PBXFileReference; lastKnownFileType = file.storyboard; name = Base; path = Base.lproj/Main.storyboard; sourceTree = "<group>"; };
		9004CBB721ED16160090A83B /* Assets.xcassets */ = {isa = PBXFileReference; lastKnownFileType = folder.assetcatalog; path = Assets.xcassets; sourceTree = "<group>"; };
		9004CBBA21ED16160090A83B /* Base */ = {isa = PBXFileReference; lastKnownFileType = file.storyboard; name = Base; path = Base.lproj/LaunchScreen.storyboard; sourceTree = "<group>"; };
		9004CBBC21ED16160090A83B /* Info.plist */ = {isa = PBXFileReference; lastKnownFileType = text.plist.xml; path = Info.plist; sourceTree = "<group>"; };
		9004CBC221ED1DB20090A83B /* PhotoDetailViewController.swift */ = {isa = PBXFileReference; lastKnownFileType = sourcecode.swift; path = PhotoDetailViewController.swift; sourceTree = "<group>"; };
		9004CBCA21ED3BB20090A83B /* PhotoJournalModel.swift */ = {isa = PBXFileReference; lastKnownFileType = sourcecode.swift; path = PhotoJournalModel.swift; sourceTree = "<group>"; };
		9004CBCC21ED3BC20090A83B /* PhotoJournal.swift */ = {isa = PBXFileReference; lastKnownFileType = sourcecode.swift; path = PhotoJournal.swift; sourceTree = "<group>"; };
		9004CBCE21ED3BDA0090A83B /* DataPersistenceManager.swift */ = {isa = PBXFileReference; lastKnownFileType = sourcecode.swift; path = DataPersistenceManager.swift; sourceTree = "<group>"; };
		9004CBD021ED5DBD0090A83B /* PhotoCell.swift */ = {isa = PBXFileReference; lastKnownFileType = sourcecode.swift; path = PhotoCell.swift; sourceTree = "<group>"; };
/* End PBXFileReference section */

/* Begin PBXFrameworksBuildPhase section */
		9004CBAA21ED16150090A83B /* Frameworks */ = {
			isa = PBXFrameworksBuildPhase;
			buildActionMask = 2147483647;
			files = (
			);
			runOnlyForDeploymentPostprocessing = 0;
		};
/* End PBXFrameworksBuildPhase section */

/* Begin PBXGroup section */
		9004CBA421ED16150090A83B = {
			isa = PBXGroup;
			children = (
				9004CBAF21ED16150090A83B /* PhotoJournal */,
				9004CBAE21ED16150090A83B /* Products */,
			);
			sourceTree = "<group>";
		};
		9004CBAE21ED16150090A83B /* Products */ = {
			isa = PBXGroup;
			children = (
				9004CBAD21ED16150090A83B /* PhotoJournal.app */,
			);
			name = Products;
			sourceTree = "<group>";
		};
		9004CBAF21ED16150090A83B /* PhotoJournal */ = {
			isa = PBXGroup;
			children = (
				9004CBB021ED16150090A83B /* AppDelegate.swift */,
				9004CBB221ED16150090A83B /* PhotoJournalViewController.swift */,
				9004CBD021ED5DBD0090A83B /* PhotoCell.swift */,
				9004CBC221ED1DB20090A83B /* PhotoDetailViewController.swift */,
				9004CBCA21ED3BB20090A83B /* PhotoJournalModel.swift */,
				9004CBCC21ED3BC20090A83B /* PhotoJournal.swift */,
				9004CBCE21ED3BDA0090A83B /* DataPersistenceManager.swift */,
				9004CBB421ED16150090A83B /* Main.storyboard */,
				9004CBB721ED16160090A83B /* Assets.xcassets */,
				9004CBB921ED16160090A83B /* LaunchScreen.storyboard */,
				9004CBBC21ED16160090A83B /* Info.plist */,
			);
			path = PhotoJournal;
			sourceTree = "<group>";
		};
/* End PBXGroup section */

/* Begin PBXNativeTarget section */
		9004CBAC21ED16150090A83B /* PhotoJournal */ = {
			isa = PBXNativeTarget;
			buildConfigurationList = 9004CBBF21ED16160090A83B /* Build configuration list for PBXNativeTarget "PhotoJournal" */;
			buildPhases = (
				9004CBA921ED16150090A83B /* Sources */,
				9004CBAA21ED16150090A83B /* Frameworks */,
				9004CBAB21ED16150090A83B /* Resources */,
			);
			buildRules = (
			);
			dependencies = (
			);
			name = PhotoJournal;
			productName = PhotoJournal;
			productReference = 9004CBAD21ED16150090A83B /* PhotoJournal.app */;
			productType = "com.apple.product-type.application";
		};
/* End PBXNativeTarget section */

/* Begin PBXProject section */
		9004CBA521ED16150090A83B /* Project object */ = {
			isa = PBXProject;
			attributes = {
				LastSwiftUpdateCheck = 1010;
				LastUpgradeCheck = 1010;
				ORGANIZATIONNAME = TingxinLi;
				TargetAttributes = {
					9004CBAC21ED16150090A83B = {
						CreatedOnToolsVersion = 10.1;
					};
				};
			};
			buildConfigurationList = 9004CBA821ED16150090A83B /* Build configuration list for PBXProject "PhotoJournal" */;
			compatibilityVersion = "Xcode 9.3";
			developmentRegion = en;
			hasScannedForEncodings = 0;
			knownRegions = (
				en,
				Base,
			);
			mainGroup = 9004CBA421ED16150090A83B;
			productRefGroup = 9004CBAE21ED16150090A83B /* Products */;
			projectDirPath = "";
			projectRoot = "";
			targets = (
				9004CBAC21ED16150090A83B /* PhotoJournal */,
			);
		};
/* End PBXProject section */

/* Begin PBXResourcesBuildPhase section */
		9004CBAB21ED16150090A83B /* Resources */ = {
			isa = PBXResourcesBuildPhase;
			buildActionMask = 2147483647;
			files = (
				9004CBBB21ED16160090A83B /* LaunchScreen.storyboard in Resources */,
				9004CBB821ED16160090A83B /* Assets.xcassets in Resources */,
				9004CBB621ED16150090A83B /* Main.storyboard in Resources */,
			);
			runOnlyForDeploymentPostprocessing = 0;
		};
/* End PBXResourcesBuildPhase section */

/* Begin PBXSourcesBuildPhase section */
		9004CBA921ED16150090A83B /* Sources */ = {
			isa = PBXSourcesBuildPhase;
			buildActionMask = 2147483647;
			files = (
				9004CBD121ED5DBD0090A83B /* PhotoCell.swift in Sources */,
				9004CBCD21ED3BC20090A83B /* PhotoJournal.swift in Sources */,
				9004CBCB21ED3BB20090A83B /* PhotoJournalModel.swift in Sources */,
				9004CBC321ED1DB20090A83B /* PhotoDetailViewController.swift in Sources */,
				9004CBCF21ED3BDA0090A83B /* DataPersistenceManager.swift in Sources */,
				9004CBB321ED16150090A83B /* PhotoJournalViewController.swift in Sources */,
				9004CBB121ED16150090A83B /* AppDelegate.swift in Sources */,
			);
			runOnlyForDeploymentPostprocessing = 0;
		};
/* End PBXSourcesBuildPhase section */

/* Begin PBXVariantGroup section */
		9004CBB421ED16150090A83B /* Main.storyboard */ = {
			isa = PBXVariantGroup;
			children = (
				9004CBB521ED16150090A83B /* Base */,
			);
			name = Main.storyboard;
			sourceTree = "<group>";
		};
		9004CBB921ED16160090A83B /* LaunchScreen.storyboard */ = {
			isa = PBXVariantGroup;
			children = (
				9004CBBA21ED16160090A83B /* Base */,
			);
			name = LaunchScreen.storyboard;
			sourceTree = "<group>";
		};
/* End PBXVariantGroup section */

/* Begin XCBuildConfiguration section */
		9004CBBD21ED16160090A83B /* Debug */ = {
			isa = XCBuildConfiguration;
			buildSettings = {
				ALWAYS_SEARCH_USER_PATHS = NO;
				CLANG_ANALYZER_NONNULL = YES;
				CLANG_ANALYZER_NUMBER_OBJECT_CONVERSION = YES_AGGRESSIVE;
				CLANG_CXX_LANGUAGE_STANDARD = "gnu++14";
				CLANG_CXX_LIBRARY = "libc++";
				CLANG_ENABLE_MODULES = YES;
				CLANG_ENABLE_OBJC_ARC = YES;
				CLANG_ENABLE_OBJC_WEAK = YES;
				CLANG_WARN_BLOCK_CAPTURE_AUTORELEASING = YES;
				CLANG_WARN_BOOL_CONVERSION = YES;
				CLANG_WARN_COMMA = YES;
				CLANG_WARN_CONSTANT_CONVERSION = YES;
				CLANG_WARN_DEPRECATED_OBJC_IMPLEMENTATIONS = YES;
				CLANG_WARN_DIRECT_OBJC_ISA_USAGE = YES_ERROR;
				CLANG_WARN_DOCUMENTATION_COMMENTS = YES;
				CLANG_WARN_EMPTY_BODY = YES;
				CLANG_WARN_ENUM_CONVERSION = YES;
				CLANG_WARN_INFINITE_RECURSION = YES;
				CLANG_WARN_INT_CONVERSION = YES;
				CLANG_WARN_NON_LITERAL_NULL_CONVERSION = YES;
				CLANG_WARN_OBJC_IMPLICIT_RETAIN_SELF = YES;
				CLANG_WARN_OBJC_LITERAL_CONVERSION = YES;
				CLANG_WARN_OBJC_ROOT_CLASS = YES_ERROR;
				CLANG_WARN_RANGE_LOOP_ANALYSIS = YES;
				CLANG_WARN_STRICT_PROTOTYPES = YES;
				CLANG_WARN_SUSPICIOUS_MOVE = YES;
				CLANG_WARN_UNGUARDED_AVAILABILITY = YES_AGGRESSIVE;
				CLANG_WARN_UNREACHABLE_CODE = YES;
				CLANG_WARN__DUPLICATE_METHOD_MATCH = YES;
				CODE_SIGN_IDENTITY = "iPhone Developer";
				COPY_PHASE_STRIP = NO;
				DEBUG_INFORMATION_FORMAT = dwarf;
				ENABLE_STRICT_OBJC_MSGSEND = YES;
				ENABLE_TESTABILITY = YES;
				GCC_C_LANGUAGE_STANDARD = gnu11;
				GCC_DYNAMIC_NO_PIC = NO;
				GCC_NO_COMMON_BLOCKS = YES;
				GCC_OPTIMIZATION_LEVEL = 0;
				GCC_PREPROCESSOR_DEFINITIONS = (
					"DEBUG=1",
					"$(inherited)",
				);
				GCC_WARN_64_TO_32_BIT_CONVERSION = YES;
				GCC_WARN_ABOUT_RETURN_TYPE = YES_ERROR;
				GCC_WARN_UNDECLARED_SELECTOR = YES;
				GCC_WARN_UNINITIALIZED_AUTOS = YES_AGGRESSIVE;
				GCC_WARN_UNUSED_FUNCTION = YES;
				GCC_WARN_UNUSED_VARIABLE = YES;
				IPHONEOS_DEPLOYMENT_TARGET = 12.1;
				MTL_ENABLE_DEBUG_INFO = INCLUDE_SOURCE;
				MTL_FAST_MATH = YES;
				ONLY_ACTIVE_ARCH = YES;
				SDKROOT = iphoneos;
				SWIFT_ACTIVE_COMPILATION_CONDITIONS = DEBUG;
				SWIFT_OPTIMIZATION_LEVEL = "-Onone";
			};
			name = Debug;
		};
		9004CBBE21ED16160090A83B /* Release */ = {
			isa = XCBuildConfiguration;
			buildSettings = {
				ALWAYS_SEARCH_USER_PATHS = NO;
				CLANG_ANALYZER_NONNULL = YES;
				CLANG_ANALYZER_NUMBER_OBJECT_CONVERSION = YES_AGGRESSIVE;
				CLANG_CXX_LANGUAGE_STANDARD = "gnu++14";
				CLANG_CXX_LIBRARY = "libc++";
				CLANG_ENABLE_MODULES = YES;
				CLANG_ENABLE_OBJC_ARC = YES;
				CLANG_ENABLE_OBJC_WEAK = YES;
				CLANG_WARN_BLOCK_CAPTURE_AUTORELEASING = YES;
				CLANG_WARN_BOOL_CONVERSION = YES;
				CLANG_WARN_COMMA = YES;
				CLANG_WARN_CONSTANT_CONVERSION = YES;
				CLANG_WARN_DEPRECATED_OBJC_IMPLEMENTATIONS = YES;
				CLANG_WARN_DIRECT_OBJC_ISA_USAGE = YES_ERROR;
				CLANG_WARN_DOCUMENTATION_COMMENTS = YES;
				CLANG_WARN_EMPTY_BODY = YES;
				CLANG_WARN_ENUM_CONVERSION = YES;
				CLANG_WARN_INFINITE_RECURSION = YES;
				CLANG_WARN_INT_CONVERSION = YES;
				CLANG_WARN_NON_LITERAL_NULL_CONVERSION = YES;
				CLANG_WARN_OBJC_IMPLICIT_RETAIN_SELF = YES;
				CLANG_WARN_OBJC_LITERAL_CONVERSION = YES;
				CLANG_WARN_OBJC_ROOT_CLASS = YES_ERROR;
				CLANG_WARN_RANGE_LOOP_ANALYSIS = YES;
				CLANG_WARN_STRICT_PROTOTYPES = YES;
				CLANG_WARN_SUSPICIOUS_MOVE = YES;
				CLANG_WARN_UNGUARDED_AVAILABILITY = YES_AGGRESSIVE;
				CLANG_WARN_UNREACHABLE_CODE = YES;
				CLANG_WARN__DUPLICATE_METHOD_MATCH = YES;
				CODE_SIGN_IDENTITY = "iPhone Developer";
				COPY_PHASE_STRIP = NO;
				DEBUG_INFORMATION_FORMAT = "dwarf-with-dsym";
				ENABLE_NS_ASSERTIONS = NO;
				ENABLE_STRICT_OBJC_MSGSEND = YES;
				GCC_C_LANGUAGE_STANDARD = gnu11;
				GCC_NO_COMMON_BLOCKS = YES;
				GCC_WARN_64_TO_32_BIT_CONVERSION = YES;
				GCC_WARN_ABOUT_RETURN_TYPE = YES_ERROR;
				GCC_WARN_UNDECLARED_SELECTOR = YES;
				GCC_WARN_UNINITIALIZED_AUTOS = YES_AGGRESSIVE;
				GCC_WARN_UNUSED_FUNCTION = YES;
				GCC_WARN_UNUSED_VARIABLE = YES;
				IPHONEOS_DEPLOYMENT_TARGET = 12.1;
				MTL_ENABLE_DEBUG_INFO = NO;
				MTL_FAST_MATH = YES;
				SDKROOT = iphoneos;
				SWIFT_COMPILATION_MODE = wholemodule;
				SWIFT_OPTIMIZATION_LEVEL = "-O";
				VALIDATE_PRODUCT = YES;
			};
			name = Release;
		};
		9004CBC021ED16160090A83B /* Debug */ = {
			isa = XCBuildConfiguration;
			buildSettings = {
				ASSETCATALOG_COMPILER_APPICON_NAME = AppIcon;
				CODE_SIGN_STYLE = Automatic;
				DEVELOPMENT_TEAM = RJ364J35FH;
				INFOPLIST_FILE = PhotoJournal/Info.plist;
				LD_RUNPATH_SEARCH_PATHS = (
					"$(inherited)",
					"@executable_path/Frameworks",
				);
				PRODUCT_BUNDLE_IDENTIFIER = pursuit.PhotoJournal;
				PRODUCT_NAME = "$(TARGET_NAME)";
				SWIFT_VERSION = 4.2;
				TARGETED_DEVICE_FAMILY = "1,2";
			};
			name = Debug;
		};
		9004CBC121ED16160090A83B /* Release */ = {
			isa = XCBuildConfiguration;
			buildSettings = {
				ASSETCATALOG_COMPILER_APPICON_NAME = AppIcon;
				CODE_SIGN_STYLE = Automatic;
				DEVELOPMENT_TEAM = RJ364J35FH;
				INFOPLIST_FILE = PhotoJournal/Info.plist;
				LD_RUNPATH_SEARCH_PATHS = (
					"$(inherited)",
					"@executable_path/Frameworks",
				);
				PRODUCT_BUNDLE_IDENTIFIER = pursuit.PhotoJournal;
				PRODUCT_NAME = "$(TARGET_NAME)";
				SWIFT_VERSION = 4.2;
				TARGETED_DEVICE_FAMILY = "1,2";
			};
			name = Release;
		};
/* End XCBuildConfiguration section */

/* Begin XCConfigurationList section */
		9004CBA821ED16150090A83B /* Build configuration list for PBXProject "PhotoJournal" */ = {
			isa = XCConfigurationList;
			buildConfigurations = (
				9004CBBD21ED16160090A83B /* Debug */,
				9004CBBE21ED16160090A83B /* Release */,
			);
			defaultConfigurationIsVisible = 0;
			defaultConfigurationName = Release;
		};
		9004CBBF21ED16160090A83B /* Build configuration list for PBXNativeTarget "PhotoJournal" */ = {
			isa = XCConfigurationList;
			buildConfigurations = (
				9004CBC021ED16160090A83B /* Debug */,
				9004CBC121ED16160090A83B /* Release */,
			);
			defaultConfigurationIsVisible = 0;
			defaultConfigurationName = Release;
		};
/* End XCConfigurationList section */
	};
	rootObject = 9004CBA521ED16150090A83B /* Project object */;
}
